// !$*UTF8*$!
{
	archiveVersion = 1;
	classes = {
	};
	objectVersion = 56;
	objects = {

/* Begin PBXBuildFile section */
		C175495F29C98ED900F81295 /* AppDelegate.swift in Sources */ = {isa = PBXBuildFile; fileRef = C175495E29C98ED900F81295 /* AppDelegate.swift */; };
		C175496129C98ED900F81295 /* SceneDelegate.swift in Sources */ = {isa = PBXBuildFile; fileRef = C175496029C98ED900F81295 /* SceneDelegate.swift */; };
		C175496329C98ED900F81295 /* StudentViewController.swift in Sources */ = {isa = PBXBuildFile; fileRef = C175496229C98ED900F81295 /* StudentViewController.swift */; };
		C175496629C98ED900F81295 /* Main.storyboard in Resources */ = {isa = PBXBuildFile; fileRef = C175496429C98ED900F81295 /* Main.storyboard */; };
		C175496929C98ED900F81295 /* CoreDataSaveFetch.xcdatamodeld in Sources */ = {isa = PBXBuildFile; fileRef = C175496729C98ED900F81295 /* CoreDataSaveFetch.xcdatamodeld */; };
		C175496B29C98EDD00F81295 /* Assets.xcassets in Resources */ = {isa = PBXBuildFile; fileRef = C175496A29C98EDD00F81295 /* Assets.xcassets */; };
		C175496E29C98EDD00F81295 /* LaunchScreen.storyboard in Resources */ = {isa = PBXBuildFile; fileRef = C175496C29C98EDD00F81295 /* LaunchScreen.storyboard */; };
		C175497729C98F3800F81295 /* Students+CoreDataClass.swift in Sources */ = {isa = PBXBuildFile; fileRef = C175497529C98F3800F81295 /* Students+CoreDataClass.swift */; };
		C175497829C98F3800F81295 /* Students+CoreDataProperties.swift in Sources */ = {isa = PBXBuildFile; fileRef = C175497629C98F3800F81295 /* Students+CoreDataProperties.swift */; };
		C1C4B21329CABCD000A5705C /* DataModel.swift in Sources */ = {isa = PBXBuildFile; fileRef = C1C4B21229CABCD000A5705C /* DataModel.swift */; };
		C1C4B21529CAD2D000A5705C /* StudentTableViewCell.swift in Sources */ = {isa = PBXBuildFile; fileRef = C1C4B21429CAD2D000A5705C /* StudentTableViewCell.swift */; };
/* End PBXBuildFile section */

/* Begin PBXFileReference section */
		C175495B29C98ED900F81295 /* CoreDataSaveFetch.app */ = {isa = PBXFileReference; explicitFileType = wrapper.application; includeInIndex = 0; path = CoreDataSaveFetch.app; sourceTree = BUILT_PRODUCTS_DIR; };
		C175495E29C98ED900F81295 /* AppDelegate.swift */ = {isa = PBXFileReference; lastKnownFileType = sourcecode.swift; path = AppDelegate.swift; sourceTree = "<group>"; };
		C175496029C98ED900F81295 /* SceneDelegate.swift */ = {isa = PBXFileReference; lastKnownFileType = sourcecode.swift; path = SceneDelegate.swift; sourceTree = "<group>"; };
		C175496229C98ED900F81295 /* StudentViewController.swift */ = {isa = PBXFileReference; lastKnownFileType = sourcecode.swift; path = StudentViewController.swift; sourceTree = "<group>"; };
		C175496529C98ED900F81295 /* Base */ = {isa = PBXFileReference; lastKnownFileType = file.storyboard; name = Base; path = Base.lproj/Main.storyboard; sourceTree = "<group>"; };
		C175496829C98ED900F81295 /* CoreDataSaveFetch.xcdatamodel */ = {isa = PBXFileReference; lastKnownFileType = wrapper.xcdatamodel; path = CoreDataSaveFetch.xcdatamodel; sourceTree = "<group>"; };
		C175496A29C98EDD00F81295 /* Assets.xcassets */ = {isa = PBXFileReference; lastKnownFileType = folder.assetcatalog; path = Assets.xcassets; sourceTree = "<group>"; };
		C175496D29C98EDD00F81295 /* Base */ = {isa = PBXFileReference; lastKnownFileType = file.storyboard; name = Base; path = Base.lproj/LaunchScreen.storyboard; sourceTree = "<group>"; };
		C175496F29C98EDD00F81295 /* Info.plist */ = {isa = PBXFileReference; lastKnownFileType = text.plist.xml; path = Info.plist; sourceTree = "<group>"; };
		C175497529C98F3800F81295 /* Students+CoreDataClass.swift */ = {isa = PBXFileReference; lastKnownFileType = sourcecode.swift; path = "Students+CoreDataClass.swift"; sourceTree = "<group>"; };
		C175497629C98F3800F81295 /* Students+CoreDataProperties.swift */ = {isa = PBXFileReference; lastKnownFileType = sourcecode.swift; path = "Students+CoreDataProperties.swift"; sourceTree = "<group>"; };
		C1C4B21229CABCD000A5705C /* DataModel.swift */ = {isa = PBXFileReference; lastKnownFileType = sourcecode.swift; path = DataModel.swift; sourceTree = "<group>"; };
		C1C4B21429CAD2D000A5705C /* StudentTableViewCell.swift */ = {isa = PBXFileReference; lastKnownFileType = sourcecode.swift; path = StudentTableViewCell.swift; sourceTree = "<group>"; };
/* End PBXFileReference section */

/* Begin PBXFrameworksBuildPhase section */
		C175495829C98ED900F81295 /* Frameworks */ = {
			isa = PBXFrameworksBuildPhase;
			buildActionMask = 2147483647;
			files = (
			);
			runOnlyForDeploymentPostprocessing = 0;
		};
/* End PBXFrameworksBuildPhase section */

/* Begin PBXGroup section */
		C175495229C98ED900F81295 = {
			isa = PBXGroup;
			children = (
				C175497529C98F3800F81295 /* Students+CoreDataClass.swift */,
				C175497629C98F3800F81295 /* Students+CoreDataProperties.swift */,
				C175495D29C98ED900F81295 /* CoreDataSaveFetch */,
				C175495C29C98ED900F81295 /* Products */,
			);
			sourceTree = "<group>";
		};
		C175495C29C98ED900F81295 /* Products */ = {
			isa = PBXGroup;
			children = (
				C175495B29C98ED900F81295 /* CoreDataSaveFetch.app */,
			);
			name = Products;
			sourceTree = "<group>";
		};
		C175495D29C98ED900F81295 /* CoreDataSaveFetch */ = {
			isa = PBXGroup;
			children = (
				C175495E29C98ED900F81295 /* AppDelegate.swift */,
				C175496029C98ED900F81295 /* SceneDelegate.swift */,
				C175496229C98ED900F81295 /* StudentViewController.swift */,
				C1C4B21229CABCD000A5705C /* DataModel.swift */,
				C1C4B21429CAD2D000A5705C /* StudentTableViewCell.swift */,
				C175496429C98ED900F81295 /* Main.storyboard */,
				C175496A29C98EDD00F81295 /* Assets.xcassets */,
				C175496C29C98EDD00F81295 /* LaunchScreen.storyboard */,
				C175496F29C98EDD00F81295 /* Info.plist */,
				C175496729C98ED900F81295 /* CoreDataSaveFetch.xcdatamodeld */,
			);
			path = CoreDataSaveFetch;
			sourceTree = "<group>";
		};
/* End PBXGroup section */

/* Begin PBXNativeTarget section */
		C175495A29C98ED900F81295 /* CoreDataSaveFetch */ = {
			isa = PBXNativeTarget;
			buildConfigurationList = C175497229C98EDD00F81295 /* Build configuration list for PBXNativeTarget "CoreDataSaveFetch" */;
			buildPhases = (
				C175495729C98ED900F81295 /* Sources */,
				C175495829C98ED900F81295 /* Frameworks */,
				C175495929C98ED900F81295 /* Resources */,
			);
			buildRules = (
			);
			dependencies = (
			);
			name = CoreDataSaveFetch;
			productName = CoreDataSaveFetch;
			productReference = C175495B29C98ED900F81295 /* CoreDataSaveFetch.app */;
			productType = "com.apple.product-type.application";
		};
/* End PBXNativeTarget section */

/* Begin PBXProject section */
		C175495329C98ED900F81295 /* Project object */ = {
			isa = PBXProject;
			attributes = {
				BuildIndependentTargetsInParallel = 1;
				LastSwiftUpdateCheck = 1420;
				LastUpgradeCheck = 1420;
				TargetAttributes = {
					C175495A29C98ED900F81295 = {
						CreatedOnToolsVersion = 14.2;
					};
				};
			};
			buildConfigurationList = C175495629C98ED900F81295 /* Build configuration list for PBXProject "CoreDataSaveFetch" */;
			compatibilityVersion = "Xcode 14.0";
			developmentRegion = en;
			hasScannedForEncodings = 0;
			knownRegions = (
				en,
				Base,
			);
			mainGroup = C175495229C98ED900F81295;
			productRefGroup = C175495C29C98ED900F81295 /* Products */;
			projectDirPath = "";
			projectRoot = "";
			targets = (
				C175495A29C98ED900F81295 /* CoreDataSaveFetch */,
			);
		};
/* End PBXProject section */

/* Begin PBXResourcesBuildPhase section */
		C175495929C98ED900F81295 /* Resources */ = {
			isa = PBXResourcesBuildPhase;
			buildActionMask = 2147483647;
			files = (
				C175496E29C98EDD00F81295 /* LaunchScreen.storyboard in Resources */,
				C175496B29C98EDD00F81295 /* Assets.xcassets in Resources */,
				C175496629C98ED900F81295 /* Main.storyboard in Resources */,
			);
			runOnlyForDeploymentPostprocessing = 0;
		};
/* End PBXResourcesBuildPhase section */

/* Begin PBXSourcesBuildPhase section */
		C175495729C98ED900F81295 /* Sources */ = {
			isa = PBXSourcesBuildPhase;
			buildActionMask = 2147483647;
			files = (
				C1C4B21329CABCD000A5705C /* DataModel.swift in Sources */,
				C175496329C98ED900F81295 /* StudentViewController.swift in Sources */,
				C175495F29C98ED900F81295 /* AppDelegate.swift in Sources */,
				C175497729C98F3800F81295 /* Students+CoreDataClass.swift in Sources */,
				C175497829C98F3800F81295 /* Students+CoreDataProperties.swift in Sources */,
				C175496929C98ED900F81295 /* CoreDataSaveFetch.xcdatamodeld in Sources */,
				C175496129C98ED900F81295 /* SceneDelegate.swift in Sources */,
				C1C4B21529CAD2D000A5705C /* StudentTableViewCell.swift in Sources */,
			);
			runOnlyForDeploymentPostprocessing = 0;
		};
/* End PBXSourcesBuildPhase section */

/* Begin PBXVariantGroup section */
		C175496429C98ED900F81295 /* Main.storyboard */ = {
			isa = PBXVariantGroup;
			children = (
				C175496529C98ED900F81295 /* Base */,
			);
			name = Main.storyboard;
			sourceTree = "<group>";
		};
		C175496C29C98EDD00F81295 /* LaunchScreen.storyboard */ = {
			isa = PBXVariantGroup;
			children = (
				C175496D29C98EDD00F81295 /* Base */,
			);
			name = LaunchScreen.storyboard;
			sourceTree = "<group>";
		};
/* End PBXVariantGroup section */

/* Begin XCBuildConfiguration section */
		C175497029C98EDD00F81295 /* Debug */ = {
			isa = XCBuildConfiguration;
			buildSettings = {
				ALWAYS_SEARCH_USER_PATHS = NO;
				CLANG_ANALYZER_NONNULL = YES;
				CLANG_ANALYZER_NUMBER_OBJECT_CONVERSION = YES_AGGRESSIVE;
				CLANG_CXX_LANGUAGE_STANDARD = "gnu++20";
				CLANG_ENABLE_MODULES = YES;
				CLANG_ENABLE_OBJC_ARC = YES;
				CLANG_ENABLE_OBJC_WEAK = YES;
				CLANG_WARN_BLOCK_CAPTURE_AUTORELEASING = YES;
				CLANG_WARN_BOOL_CONVERSION = YES;
				CLANG_WARN_COMMA = YES;
				CLANG_WARN_CONSTANT_CONVERSION = YES;
				CLANG_WARN_DEPRECATED_OBJC_IMPLEMENTATIONS = YES;
				CLANG_WARN_DIRECT_OBJC_ISA_USAGE = YES_ERROR;
				CLANG_WARN_DOCUMENTATION_COMMENTS = YES;
				CLANG_WARN_EMPTY_BODY = YES;
				CLANG_WARN_ENUM_CONVERSION = YES;
				CLANG_WARN_INFINITE_RECURSION = YES;
				CLANG_WARN_INT_CONVERSION = YES;
				CLANG_WARN_NON_LITERAL_NULL_CONVERSION = YES;
				CLANG_WARN_OBJC_IMPLICIT_RETAIN_SELF = YES;
				CLANG_WARN_OBJC_LITERAL_CONVERSION = YES;
				CLANG_WARN_OBJC_ROOT_CLASS = YES_ERROR;
				CLANG_WARN_QUOTED_INCLUDE_IN_FRAMEWORK_HEADER = YES;
				CLANG_WARN_RANGE_LOOP_ANALYSIS = YES;
				CLANG_WARN_STRICT_PROTOTYPES = YES;
				CLANG_WARN_SUSPICIOUS_MOVE = YES;
				CLANG_WARN_UNGUARDED_AVAILABILITY = YES_AGGRESSIVE;
				CLANG_WARN_UNREACHABLE_CODE = YES;
				CLANG_WARN__DUPLICATE_METHOD_MATCH = YES;
				COPY_PHASE_STRIP = NO;
				DEBUG_INFORMATION_FORMAT = dwarf;
				ENABLE_STRICT_OBJC_MSGSEND = YES;
				ENABLE_TESTABILITY = YES;
				GCC_C_LANGUAGE_STANDARD = gnu11;
				GCC_DYNAMIC_NO_PIC = NO;
				GCC_NO_COMMON_BLOCKS = YES;
				GCC_OPTIMIZATION_LEVEL = 0;
				GCC_PREPROCESSOR_DEFINITIONS = (
					"DEBUG=1",
					"$(inherited)",
				);
				GCC_WARN_64_TO_32_BIT_CONVERSION = YES;
				GCC_WARN_ABOUT_RETURN_TYPE = YES_ERROR;
				GCC_WARN_UNDECLARED_SELECTOR = YES;
				GCC_WARN_UNINITIALIZED_AUTOS = YES_AGGRESSIVE;
				GCC_WARN_UNUSED_FUNCTION = YES;
				GCC_WARN_UNUSED_VARIABLE = YES;
				IPHONEOS_DEPLOYMENT_TARGET = 16.2;
				MTL_ENABLE_DEBUG_INFO = INCLUDE_SOURCE;
				MTL_FAST_MATH = YES;
				ONLY_ACTIVE_ARCH = YES;
				SDKROOT = iphoneos;
				SWIFT_ACTIVE_COMPILATION_CONDITIONS = DEBUG;
				SWIFT_OPTIMIZATION_LEVEL = "-Onone";
			};
			name = Debug;
		};
		C175497129C98EDD00F81295 /* Release */ = {
			isa = XCBuildConfiguration;
			buildSettings = {
				ALWAYS_SEARCH_USER_PATHS = NO;
				CLANG_ANALYZER_NONNULL = YES;
				CLANG_ANALYZER_NUMBER_OBJECT_CONVERSION = YES_AGGRESSIVE;
				CLANG_CXX_LANGUAGE_STANDARD = "gnu++20";
				CLANG_ENABLE_MODULES = YES;
				CLANG_ENABLE_OBJC_ARC = YES;
				CLANG_ENABLE_OBJC_WEAK = YES;
				CLANG_WARN_BLOCK_CAPTURE_AUTORELEASING = YES;
				CLANG_WARN_BOOL_CONVERSION = YES;
				CLANG_WARN_COMMA = YES;
				CLANG_WARN_CONSTANT_CONVERSION = YES;
				CLANG_WARN_DEPRECATED_OBJC_IMPLEMENTATIONS = YES;
				CLANG_WARN_DIRECT_OBJC_ISA_USAGE = YES_ERROR;
				CLANG_WARN_DOCUMENTATION_COMMENTS = YES;
				CLANG_WARN_EMPTY_BODY = YES;
				CLANG_WARN_ENUM_CONVERSION = YES;
				CLANG_WARN_INFINITE_RECURSION = YES;
				CLANG_WARN_INT_CONVERSION = YES;
				CLANG_WARN_NON_LITERAL_NULL_CONVERSION = YES;
				CLANG_WARN_OBJC_IMPLICIT_RETAIN_SELF = YES;
				CLANG_WARN_OBJC_LITERAL_CONVERSION = YES;
				CLANG_WARN_OBJC_ROOT_CLASS = YES_ERROR;
				CLANG_WARN_QUOTED_INCLUDE_IN_FRAMEWORK_HEADER = YES;
				CLANG_WARN_RANGE_LOOP_ANALYSIS = YES;
				CLANG_WARN_STRICT_PROTOTYPES = YES;
				CLANG_WARN_SUSPICIOUS_MOVE = YES;
				CLANG_WARN_UNGUARDED_AVAILABILITY = YES_AGGRESSIVE;
				CLANG_WARN_UNREACHABLE_CODE = YES;
				CLANG_WARN__DUPLICATE_METHOD_MATCH = YES;
				COPY_PHASE_STRIP = NO;
				DEBUG_INFORMATION_FORMAT = "dwarf-with-dsym";
				ENABLE_NS_ASSERTIONS = NO;
				ENABLE_STRICT_OBJC_MSGSEND = YES;
				GCC_C_LANGUAGE_STANDARD = gnu11;
				GCC_NO_COMMON_BLOCKS = YES;
				GCC_WARN_64_TO_32_BIT_CONVERSION = YES;
				GCC_WARN_ABOUT_RETURN_TYPE = YES_ERROR;
				GCC_WARN_UNDECLARED_SELECTOR = YES;
				GCC_WARN_UNINITIALIZED_AUTOS = YES_AGGRESSIVE;
				GCC_WARN_UNUSED_FUNCTION = YES;
				GCC_WARN_UNUSED_VARIABLE = YES;
				IPHONEOS_DEPLOYMENT_TARGET = 16.2;
				MTL_ENABLE_DEBUG_INFO = NO;
				MTL_FAST_MATH = YES;
				SDKROOT = iphoneos;
				SWIFT_COMPILATION_MODE = wholemodule;
				SWIFT_OPTIMIZATION_LEVEL = "-O";
				VALIDATE_PRODUCT = YES;
			};
			name = Release;
		};
		C175497329C98EDD00F81295 /* Debug */ = {
			isa = XCBuildConfiguration;
			buildSettings = {
				ASSETCATALOG_COMPILER_APPICON_NAME = AppIcon;
				ASSETCATALOG_COMPILER_GLOBAL_ACCENT_COLOR_NAME = AccentColor;
				CODE_SIGN_STYLE = Automatic;
				CURRENT_PROJECT_VERSION = 1;
				DEVELOPMENT_TEAM = FC2H7BL22V;
				GENERATE_INFOPLIST_FILE = YES;
				INFOPLIST_FILE = CoreDataSaveFetch/Info.plist;
				INFOPLIST_KEY_UIApplicationSupportsIndirectInputEvents = YES;
				INFOPLIST_KEY_UILaunchStoryboardName = LaunchScreen;
				INFOPLIST_KEY_UIMainStoryboardFile = Main;
				INFOPLIST_KEY_UISupportedInterfaceOrientations_iPad = "UIInterfaceOrientationPortrait UIInterfaceOrientationPortraitUpsideDown UIInterfaceOrientationLandscapeLeft UIInterfaceOrientationLandscapeRight";
				INFOPLIST_KEY_UISupportedInterfaceOrientations_iPhone = "UIInterfaceOrientationPortrait UIInterfaceOrientationLandscapeLeft UIInterfaceOrientationLandscapeRight";
				LD_RUNPATH_SEARCH_PATHS = (
					"$(inherited)",
					"@executable_path/Frameworks",
				);
				MARKETING_VERSION = 1.0;
				PRODUCT_BUNDLE_IDENTIFIER = com.zoople.snapchat.CoreDataSaveFetch;
				PRODUCT_NAME = "$(TARGET_NAME)";
				SWIFT_EMIT_LOC_STRINGS = YES;
				SWIFT_VERSION = 5.0;
				TARGETED_DEVICE_FAMILY = "1,2";
			};
			name = Debug;
		};
		C175497429C98EDD00F81295 /* Release */ = {
			isa = XCBuildConfiguration;
			buildSettings = {
				ASSETCATALOG_COMPILER_APPICON_NAME = AppIcon;
				ASSETCATALOG_COMPILER_GLOBAL_ACCENT_COLOR_NAME = AccentColor;
				CODE_SIGN_STYLE = Automatic;
				CURRENT_PROJECT_VERSION = 1;
				DEVELOPMENT_TEAM = FC2H7BL22V;
				GENERATE_INFOPLIST_FILE = YES;
				INFOPLIST_FILE = CoreDataSaveFetch/Info.plist;
				INFOPLIST_KEY_UIApplicationSupportsIndirectInputEvents = YES;
				INFOPLIST_KEY_UILaunchStoryboardName = LaunchScreen;
				INFOPLIST_KEY_UIMainStoryboardFile = Main;
				INFOPLIST_KEY_UISupportedInterfaceOrientations_iPad = "UIInterfaceOrientationPortrait UIInterfaceOrientationPortraitUpsideDown UIInterfaceOrientationLandscapeLeft UIInterfaceOrientationLandscapeRight";
				INFOPLIST_KEY_UISupportedInterfaceOrientations_iPhone = "UIInterfaceOrientationPortrait UIInterfaceOrientationLandscapeLeft UIInterfaceOrientationLandscapeRight";
				LD_RUNPATH_SEARCH_PATHS = (
					"$(inherited)",
					"@executable_path/Frameworks",
				);
				MARKETING_VERSION = 1.0;
				PRODUCT_BUNDLE_IDENTIFIER = com.zoople.snapchat.CoreDataSaveFetch;
				PRODUCT_NAME = "$(TARGET_NAME)";
				SWIFT_EMIT_LOC_STRINGS = YES;
				SWIFT_VERSION = 5.0;
				TARGETED_DEVICE_FAMILY = "1,2";
			};
			name = Release;
		};
/* End XCBuildConfiguration section */

/* Begin XCConfigurationList section */
		C175495629C98ED900F81295 /* Build configuration list for PBXProject "CoreDataSaveFetch" */ = {
			isa = XCConfigurationList;
			buildConfigurations = (
				C175497029C98EDD00F81295 /* Debug */,
				C175497129C98EDD00F81295 /* Release */,
			);
			defaultConfigurationIsVisible = 0;
			defaultConfigurationName = Release;
		};
		C175497229C98EDD00F81295 /* Build configuration list for PBXNativeTarget "CoreDataSaveFetch" */ = {
			isa = XCConfigurationList;
			buildConfigurations = (
				C175497329C98EDD00F81295 /* Debug */,
				C175497429C98EDD00F81295 /* Release */,
			);
			defaultConfigurationIsVisible = 0;
			defaultConfigurationName = Release;
		};
/* End XCConfigurationList section */

/* Begin XCVersionGroup section */
		C175496729C98ED900F81295 /* CoreDataSaveFetch.xcdatamodeld */ = {
			isa = XCVersionGroup;
			children = (
				C175496829C98ED900F81295 /* CoreDataSaveFetch.xcdatamodel */,
			);
			currentVersion = C175496829C98ED900F81295 /* CoreDataSaveFetch.xcdatamodel */;
			path = CoreDataSaveFetch.xcdatamodeld;
			sourceTree = "<group>";
			versionGroupType = wrapper.xcdatamodel;
		};
/* End XCVersionGroup section */
	};
	rootObject = C175495329C98ED900F81295 /* Project object */;
}
